// !$*UTF8*$!
{
	archiveVersion = 1;
	classes = {
	};
	objectVersion = 56;
	objects = {

/* Begin PBXBuildFile section */
		7A4262042AD852BB00D0BB5C /* Week5_testApp.swift in Sources */ = {isa = PBXBuildFile; fileRef = 7A4262032AD852BB00D0BB5C /* Week5_testApp.swift */; };
		7A4262082AD852BC00D0BB5C /* Assets.xcassets in Resources */ = {isa = PBXBuildFile; fileRef = 7A4262072AD852BC00D0BB5C /* Assets.xcassets */; };
		7A42620B2AD852BC00D0BB5C /* Preview Assets.xcassets in Resources */ = {isa = PBXBuildFile; fileRef = 7A42620A2AD852BC00D0BB5C /* Preview Assets.xcassets */; };
		7A4262142AD8544600D0BB5C /* harvestseason.swift in Sources */ = {isa = PBXBuildFile; fileRef = 7A4262112AD8544600D0BB5C /* harvestseason.swift */; };
		7A4262152AD8544600D0BB5C /* Skyview.swift in Sources */ = {isa = PBXBuildFile; fileRef = 7A4262122AD8544600D0BB5C /* Skyview.swift */; };
		7A4262162AD8544600D0BB5C /* Midnightstars.swift in Sources */ = {isa = PBXBuildFile; fileRef = 7A4262132AD8544600D0BB5C /* Midnightstars.swift */; };
		7ADE9AD82AD8556500F4FC05 /* Sunday.wav in Resources */ = {isa = PBXBuildFile; fileRef = 7ADE9AD52AD8556500F4FC05 /* Sunday.wav */; };
		7ADE9AD92AD8556500F4FC05 /* skyview.wav in Resources */ = {isa = PBXBuildFile; fileRef = 7ADE9AD62AD8556500F4FC05 /* skyview.wav */; };
		7ADE9ADA2AD8556500F4FC05 /* harvest.mp3 in Resources */ = {isa = PBXBuildFile; fileRef = 7ADE9AD72AD8556500F4FC05 /* harvest.mp3 */; };
/* End PBXBuildFile section */

/* Begin PBXFileReference section */
		7A4262002AD852BB00D0BB5C /* Week5-test.app */ = {isa = PBXFileReference; explicitFileType = wrapper.application; includeInIndex = 0; path = "Week5-test.app"; sourceTree = BUILT_PRODUCTS_DIR; };
		7A4262032AD852BB00D0BB5C /* Week5_testApp.swift */ = {isa = PBXFileReference; lastKnownFileType = sourcecode.swift; path = Week5_testApp.swift; sourceTree = "<group>"; };
		7A4262072AD852BC00D0BB5C /* Assets.xcassets */ = {isa = PBXFileReference; lastKnownFileType = folder.assetcatalog; path = Assets.xcassets; sourceTree = "<group>"; };
		7A42620A2AD852BC00D0BB5C /* Preview Assets.xcassets */ = {isa = PBXFileReference; lastKnownFileType = folder.assetcatalog; path = "Preview Assets.xcassets"; sourceTree = "<group>"; };
		7A4262112AD8544600D0BB5C /* harvestseason.swift */ = {isa = PBXFileReference; fileEncoding = 4; lastKnownFileType = sourcecode.swift; path = harvestseason.swift; sourceTree = "<group>"; };
		7A4262122AD8544600D0BB5C /* Skyview.swift */ = {isa = PBXFileReference; fileEncoding = 4; lastKnownFileType = sourcecode.swift; path = Skyview.swift; sourceTree = "<group>"; };
		7A4262132AD8544600D0BB5C /* Midnightstars.swift */ = {isa = PBXFileReference; fileEncoding = 4; lastKnownFileType = sourcecode.swift; path = Midnightstars.swift; sourceTree = "<group>"; };
		7ADE9AD52AD8556500F4FC05 /* Sunday.wav */ = {isa = PBXFileReference; lastKnownFileType = audio.wav; path = Sunday.wav; sourceTree = "<group>"; };
		7ADE9AD62AD8556500F4FC05 /* skyview.wav */ = {isa = PBXFileReference; lastKnownFileType = audio.wav; path = skyview.wav; sourceTree = "<group>"; };
		7ADE9AD72AD8556500F4FC05 /* harvest.mp3 */ = {isa = PBXFileReference; lastKnownFileType = audio.mp3; path = harvest.mp3; sourceTree = "<group>"; };
/* End PBXFileReference section */

/* Begin PBXFrameworksBuildPhase section */
		7A4261FD2AD852BB00D0BB5C /* Frameworks */ = {
			isa = PBXFrameworksBuildPhase;
			buildActionMask = 2147483647;
			files = (
			);
			runOnlyForDeploymentPostprocessing = 0;
		};
/* End PBXFrameworksBuildPhase section */

/* Begin PBXGroup section */
		7A4261F72AD852BB00D0BB5C = {
			isa = PBXGroup;
			children = (
				7A4262022AD852BB00D0BB5C /* Week5-test */,
				7A4262012AD852BB00D0BB5C /* Products */,
			);
			sourceTree = "<group>";
		};
		7A4262012AD852BB00D0BB5C /* Products */ = {
			isa = PBXGroup;
			children = (
				7A4262002AD852BB00D0BB5C /* Week5-test.app */,
			);
			name = Products;
			sourceTree = "<group>";
		};
		7A4262022AD852BB00D0BB5C /* Week5-test */ = {
			isa = PBXGroup;
			children = (
				7ADE9AD72AD8556500F4FC05 /* harvest.mp3 */,
				7ADE9AD62AD8556500F4FC05 /* skyview.wav */,
				7ADE9AD52AD8556500F4FC05 /* Sunday.wav */,
				7A4262032AD852BB00D0BB5C /* Week5_testApp.swift */,
				7A4262132AD8544600D0BB5C /* Midnightstars.swift */,
				7A4262112AD8544600D0BB5C /* harvestseason.swift */,
				7A4262122AD8544600D0BB5C /* Skyview.swift */,
				7A4262072AD852BC00D0BB5C /* Assets.xcassets */,
				7A4262092AD852BC00D0BB5C /* Preview Content */,
			);
			path = "Week5-test";
			sourceTree = "<group>";
		};
		7A4262092AD852BC00D0BB5C /* Preview Content */ = {
			isa = PBXGroup;
			children = (
				7A42620A2AD852BC00D0BB5C /* Preview Assets.xcassets */,
			);
			path = "Preview Content";
			sourceTree = "<group>";
		};
/* End PBXGroup section */

/* Begin PBXNativeTarget section */
		7A4261FF2AD852BB00D0BB5C /* Week5-test */ = {
			isa = PBXNativeTarget;
			buildConfigurationList = 7A42620E2AD852BC00D0BB5C /* Build configuration list for PBXNativeTarget "Week5-test" */;
			buildPhases = (
				7A4261FC2AD852BB00D0BB5C /* Sources */,
				7A4261FD2AD852BB00D0BB5C /* Frameworks */,
				7A4261FE2AD852BB00D0BB5C /* Resources */,
			);
			buildRules = (
			);
			dependencies = (
			);
			name = "Week5-test";
			productName = "Week5-test";
			productReference = 7A4262002AD852BB00D0BB5C /* Week5-test.app */;
			productType = "com.apple.product-type.application";
		};
/* End PBXNativeTarget section */

/* Begin PBXProject section */
		7A4261F82AD852BB00D0BB5C /* Project object */ = {
			isa = PBXProject;
			attributes = {
				BuildIndependentTargetsInParallel = 1;
				LastSwiftUpdateCheck = 1500;
				LastUpgradeCheck = 1500;
				TargetAttributes = {
					7A4261FF2AD852BB00D0BB5C = {
						CreatedOnToolsVersion = 15.0;
					};
				};
			};
			buildConfigurationList = 7A4261FB2AD852BB00D0BB5C /* Build configuration list for PBXProject "Week5-test" */;
			compatibilityVersion = "Xcode 14.0";
			developmentRegion = en;
			hasScannedForEncodings = 0;
			knownRegions = (
				en,
				Base,
			);
			mainGroup = 7A4261F72AD852BB00D0BB5C;
			productRefGroup = 7A4262012AD852BB00D0BB5C /* Products */;
			projectDirPath = "";
			projectRoot = "";
			targets = (
				7A4261FF2AD852BB00D0BB5C /* Week5-test */,
			);
		};
/* End PBXProject section */

/* Begin PBXResourcesBuildPhase section */
		7A4261FE2AD852BB00D0BB5C /* Resources */ = {
			isa = PBXResourcesBuildPhase;
			buildActionMask = 2147483647;
			files = (
				7ADE9ADA2AD8556500F4FC05 /* harvest.mp3 in Resources */,
				7A42620B2AD852BC00D0BB5C /* Preview Assets.xcassets in Resources */,
				7ADE9AD92AD8556500F4FC05 /* skyview.wav in Resources */,
				7A4262082AD852BC00D0BB5C /* Assets.xcassets in Resources */,
				7ADE9AD82AD8556500F4FC05 /* Sunday.wav in Resources */,
			);
			runOnlyForDeploymentPostprocessing = 0;
		};
/* End PBXResourcesBuildPhase section */

/* Begin PBXSourcesBuildPhase section */
		7A4261FC2AD852BB00D0BB5C /* Sources */ = {
			isa = PBXSourcesBuildPhase;
			buildActionMask = 2147483647;
			files = (
				7A4262042AD852BB00D0BB5C /* Week5_testApp.swift in Sources */,
				7A4262162AD8544600D0BB5C /* Midnightstars.swift in Sources */,
				7A4262152AD8544600D0BB5C /* Skyview.swift in Sources */,
				7A4262142AD8544600D0BB5C /* harvestseason.swift in Sources */,
			);
			runOnlyForDeploymentPostprocessing = 0;
		};
/* End PBXSourcesBuildPhase section */

/* Begin XCBuildConfiguration section */
		7A42620C2AD852BC00D0BB5C /* Debug */ = {
			isa = XCBuildConfiguration;
			buildSettings = {
				ALWAYS_SEARCH_USER_PATHS = NO;
				ASSETCATALOG_COMPILER_GENERATE_SWIFT_ASSET_SYMBOL_EXTENSIONS = YES;
				CLANG_ANALYZER_NONNULL = YES;
				CLANG_ANALYZER_NUMBER_OBJECT_CONVERSION = YES_AGGRESSIVE;
				CLANG_CXX_LANGUAGE_STANDARD = "gnu++20";
				CLANG_ENABLE_MODULES = YES;
				CLANG_ENABLE_OBJC_ARC = YES;
				CLANG_ENABLE_OBJC_WEAK = YES;
				CLANG_WARN_BLOCK_CAPTURE_AUTORELEASING = YES;
				CLANG_WARN_BOOL_CONVERSION = YES;
				CLANG_WARN_COMMA = YES;
				CLANG_WARN_CONSTANT_CONVERSION = YES;
				CLANG_WARN_DEPRECATED_OBJC_IMPLEMENTATIONS = YES;
				CLANG_WARN_DIRECT_OBJC_ISA_USAGE = YES_ERROR;
				CLANG_WARN_DOCUMENTATION_COMMENTS = YES;
				CLANG_WARN_EMPTY_BODY = YES;
				CLANG_WARN_ENUM_CONVERSION = YES;
				CLANG_WARN_INFINITE_RECURSION = YES;
				CLANG_WARN_INT_CONVERSION = YES;
				CLANG_WARN_NON_LITERAL_NULL_CONVERSION = YES;
				CLANG_WARN_OBJC_IMPLICIT_RETAIN_SELF = YES;
				CLANG_WARN_OBJC_LITERAL_CONVERSION = YES;
				CLANG_WARN_OBJC_ROOT_CLASS = YES_ERROR;
				CLANG_WARN_QUOTED_INCLUDE_IN_FRAMEWORK_HEADER = YES;
				CLANG_WARN_RANGE_LOOP_ANALYSIS = YES;
				CLANG_WARN_STRICT_PROTOTYPES = YES;
				CLANG_WARN_SUSPICIOUS_MOVE = YES;
				CLANG_WARN_UNGUARDED_AVAILABILITY = YES_AGGRESSIVE;
				CLANG_WARN_UNREACHABLE_CODE = YES;
				CLANG_WARN__DUPLICATE_METHOD_MATCH = YES;
				COPY_PHASE_STRIP = NO;
				DEBUG_INFORMATION_FORMAT = dwarf;
				ENABLE_STRICT_OBJC_MSGSEND = YES;
				ENABLE_TESTABILITY = YES;
				ENABLE_USER_SCRIPT_SANDBOXING = YES;
				GCC_C_LANGUAGE_STANDARD = gnu17;
				GCC_DYNAMIC_NO_PIC = NO;
				GCC_NO_COMMON_BLOCKS = YES;
				GCC_OPTIMIZATION_LEVEL = 0;
				GCC_PREPROCESSOR_DEFINITIONS = (
					"DEBUG=1",
					"$(inherited)",
				);
				GCC_WARN_64_TO_32_BIT_CONVERSION = YES;
				GCC_WARN_ABOUT_RETURN_TYPE = YES_ERROR;
				GCC_WARN_UNDECLARED_SELECTOR = YES;
				GCC_WARN_UNINITIALIZED_AUTOS = YES_AGGRESSIVE;
				GCC_WARN_UNUSED_FUNCTION = YES;
				GCC_WARN_UNUSED_VARIABLE = YES;
				IPHONEOS_DEPLOYMENT_TARGET = 17.0;
				LOCALIZATION_PREFERS_STRING_CATALOGS = YES;
				MTL_ENABLE_DEBUG_INFO = INCLUDE_SOURCE;
				MTL_FAST_MATH = YES;
				ONLY_ACTIVE_ARCH = YES;
				SDKROOT = iphoneos;
				SWIFT_ACTIVE_COMPILATION_CONDITIONS = "DEBUG $(inherited)";
				SWIFT_OPTIMIZATION_LEVEL = "-Onone";
			};
			name = Debug;
		};
		7A42620D2AD852BC00D0BB5C /* Release */ = {
			isa = XCBuildConfiguration;
			buildSettings = {
				ALWAYS_SEARCH_USER_PATHS = NO;
				ASSETCATALOG_COMPILER_GENERATE_SWIFT_ASSET_SYMBOL_EXTENSIONS = YES;
				CLANG_ANALYZER_NONNULL = YES;
				CLANG_ANALYZER_NUMBER_OBJECT_CONVERSION = YES_AGGRESSIVE;
				CLANG_CXX_LANGUAGE_STANDARD = "gnu++20";
				CLANG_ENABLE_MODULES = YES;
				CLANG_ENABLE_OBJC_ARC = YES;
				CLANG_ENABLE_OBJC_WEAK = YES;
				CLANG_WARN_BLOCK_CAPTURE_AUTORELEASING = YES;
				CLANG_WARN_BOOL_CONVERSION = YES;
				CLANG_WARN_COMMA = YES;
				CLANG_WARN_CONSTANT_CONVERSION = YES;
				CLANG_WARN_DEPRECATED_OBJC_IMPLEMENTATIONS = YES;
				CLANG_WARN_DIRECT_OBJC_ISA_USAGE = YES_ERROR;
				CLANG_WARN_DOCUMENTATION_COMMENTS = YES;
				CLANG_WARN_EMPTY_BODY = YES;
				CLANG_WARN_ENUM_CONVERSION = YES;
				CLANG_WARN_INFINITE_RECURSION = YES;
				CLANG_WARN_INT_CONVERSION = YES;
				CLANG_WARN_NON_LITERAL_NULL_CONVERSION = YES;
				CLANG_WARN_OBJC_IMPLICIT_RETAIN_SELF = YES;
				CLANG_WARN_OBJC_LITERAL_CONVERSION = YES;
				CLANG_WARN_OBJC_ROOT_CLASS = YES_ERROR;
				CLANG_WARN_QUOTED_INCLUDE_IN_FRAMEWORK_HEADER = YES;
				CLANG_WARN_RANGE_LOOP_ANALYSIS = YES;
				CLANG_WARN_STRICT_PROTOTYPES = YES;
				CLANG_WARN_SUSPICIOUS_MOVE = YES;
				CLANG_WARN_UNGUARDED_AVAILABILITY = YES_AGGRESSIVE;
				CLANG_WARN_UNREACHABLE_CODE = YES;
				CLANG_WARN__DUPLICATE_METHOD_MATCH = YES;
				COPY_PHASE_STRIP = NO;
				DEBUG_INFORMATION_FORMAT = "dwarf-with-dsym";
				ENABLE_NS_ASSERTIONS = NO;
				ENABLE_STRICT_OBJC_MSGSEND = YES;
				ENABLE_USER_SCRIPT_SANDBOXING = YES;
				GCC_C_LANGUAGE_STANDARD = gnu17;
				GCC_NO_COMMON_BLOCKS = YES;
				GCC_WARN_64_TO_32_BIT_CONVERSION = YES;
				GCC_WARN_ABOUT_RETURN_TYPE = YES_ERROR;
				GCC_WARN_UNDECLARED_SELECTOR = YES;
				GCC_WARN_UNINITIALIZED_AUTOS = YES_AGGRESSIVE;
				GCC_WARN_UNUSED_FUNCTION = YES;
				GCC_WARN_UNUSED_VARIABLE = YES;
				IPHONEOS_DEPLOYMENT_TARGET = 17.0;
				LOCALIZATION_PREFERS_STRING_CATALOGS = YES;
				MTL_ENABLE_DEBUG_INFO = NO;
				MTL_FAST_MATH = YES;
				SDKROOT = iphoneos;
				SWIFT_COMPILATION_MODE = wholemodule;
				VALIDATE_PRODUCT = YES;
			};
			name = Release;
		};
		7A42620F2AD852BC00D0BB5C /* Debug */ = {
			isa = XCBuildConfiguration;
			buildSettings = {
				ASSETCATALOG_COMPILER_APPICON_NAME = AppIcon;
				ASSETCATALOG_COMPILER_GLOBAL_ACCENT_COLOR_NAME = AccentColor;
				CODE_SIGN_STYLE = Automatic;
				CURRENT_PROJECT_VERSION = 1;
				DEVELOPMENT_ASSET_PATHS = "\"Week5-test/Preview Content\"";
				ENABLE_PREVIEWS = YES;
				GENERATE_INFOPLIST_FILE = YES;
				INFOPLIST_KEY_UIApplicationSceneManifest_Generation = YES;
				INFOPLIST_KEY_UIApplicationSupportsIndirectInputEvents = YES;
				INFOPLIST_KEY_UILaunchScreen_Generation = YES;
				INFOPLIST_KEY_UISupportedInterfaceOrientations_iPad = "UIInterfaceOrientationPortrait UIInterfaceOrientationPortraitUpsideDown UIInterfaceOrientationLandscapeLeft UIInterfaceOrientationLandscapeRight";
				INFOPLIST_KEY_UISupportedInterfaceOrientations_iPhone = "UIInterfaceOrientationPortrait UIInterfaceOrientationLandscapeLeft UIInterfaceOrientationLandscapeRight";
				LD_RUNPATH_SEARCH_PATHS = (
					"$(inherited)",
					"@executable_path/Frameworks",
				);
				MARKETING_VERSION = 1.0;
				PRODUCT_BUNDLE_IDENTIFIER = "WeeklyPractice.Week5-test";
				PRODUCT_NAME = "$(TARGET_NAME)";
				SWIFT_EMIT_LOC_STRINGS = YES;
				SWIFT_VERSION = 5.0;
				TARGETED_DEVICE_FAMILY = "1,2";
			};
			name = Debug;
		};
		7A4262102AD852BC00D0BB5C /* Release */ = {
			isa = XCBuildConfiguration;
			buildSettings = {
				ASSETCATALOG_COMPILER_APPICON_NAME = AppIcon;
				ASSETCATALOG_COMPILER_GLOBAL_ACCENT_COLOR_NAME = AccentColor;
				CODE_SIGN_STYLE = Automatic;
				CURRENT_PROJECT_VERSION = 1;
				DEVELOPMENT_ASSET_PATHS = "\"Week5-test/Preview Content\"";
				ENABLE_PREVIEWS = YES;
				GENERATE_INFOPLIST_FILE = YES;
				INFOPLIST_KEY_UIApplicationSceneManifest_Generation = YES;
				INFOPLIST_KEY_UIApplicationSupportsIndirectInputEvents = YES;
				INFOPLIST_KEY_UILaunchScreen_Generation = YES;
				INFOPLIST_KEY_UISupportedInterfaceOrientations_iPad = "UIInterfaceOrientationPortrait UIInterfaceOrientationPortraitUpsideDown UIInterfaceOrientationLandscapeLeft UIInterfaceOrientationLandscapeRight";
				INFOPLIST_KEY_UISupportedInterfaceOrientations_iPhone = "UIInterfaceOrientationPortrait UIInterfaceOrientationLandscapeLeft UIInterfaceOrientationLandscapeRight";
				LD_RUNPATH_SEARCH_PATHS = (
					"$(inherited)",
					"@executable_path/Frameworks",
				);
				MARKETING_VERSION = 1.0;
				PRODUCT_BUNDLE_IDENTIFIER = "WeeklyPractice.Week5-test";
				PRODUCT_NAME = "$(TARGET_NAME)";
				SWIFT_EMIT_LOC_STRINGS = YES;
				SWIFT_VERSION = 5.0;
				TARGETED_DEVICE_FAMILY = "1,2";
			};
			name = Release;
		};
/* End XCBuildConfiguration section */

/* Begin XCConfigurationList section */
		7A4261FB2AD852BB00D0BB5C /* Build configuration list for PBXProject "Week5-test" */ = {
			isa = XCConfigurationList;
			buildConfigurations = (
				7A42620C2AD852BC00D0BB5C /* Debug */,
				7A42620D2AD852BC00D0BB5C /* Release */,
			);
			defaultConfigurationIsVisible = 0;
			defaultConfigurationName = Release;
		};
		7A42620E2AD852BC00D0BB5C /* Build configuration list for PBXNativeTarget "Week5-test" */ = {
			isa = XCConfigurationList;
			buildConfigurations = (
				7A42620F2AD852BC00D0BB5C /* Debug */,
				7A4262102AD852BC00D0BB5C /* Release */,
			);
			defaultConfigurationIsVisible = 0;
			defaultConfigurationName = Release;
		};
/* End XCConfigurationList section */
	};
	rootObject = 7A4261F82AD852BB00D0BB5C /* Project object */;
}
